
Microsoft Visual Studio Solution File, Format Version 10.00
# Visual Studio 2008
Project("{E24C65DC-7377-472B-9ABA-BC803B73C61A}") = "Web", "Src\Web\", "{FC770388-E58E-42EC-BD35-B93B10BB735F}"
	ProjectSection(WebsiteProperties) = preProject
		TargetFramework = "3.5"
		Debug.AspNetCompiler.VirtualPath = "/Web"
		Debug.AspNetCompiler.PhysicalPath = "Src\Web\"
		Debug.AspNetCompiler.TargetPath = "PrecompiledWeb\Web\"
		Debug.AspNetCompiler.Updateable = "true"
		Debug.AspNetCompiler.ForceOverwrite = "true"
		Debug.AspNetCompiler.FixedNames = "false"
		Debug.AspNetCompiler.Debug = "True"
		Release.AspNetCompiler.VirtualPath = "/Web"
		Release.AspNetCompiler.PhysicalPath = "Src\Web\"
		Release.AspNetCompiler.TargetPath = "PrecompiledWeb\Web\"
		Release.AspNetCompiler.Updateable = "true"
		Release.AspNetCompiler.ForceOverwrite = "true"
		Release.AspNetCompiler.FixedNames = "false"
		Release.AspNetCompiler.Debug = "False"
		VWDPort = "4118"
	EndProjectSection
EndProject
Project("{FAE04EC0-301F-11D3-BF4B-00C04F79EFBC}") = "Tests", "Tests\Tests.csproj", "{696A41C4-4AE4-44CD-9411-D74683967083}"
EndProject
Global
	GlobalSection(SolutionConfigurationPlatforms) = preSolution
		Debug|Any CPU = Debug|Any CPU
		Debug|Mixed Platforms = Debug|Mixed Platforms
		Release|Any CPU = Release|Any CPU
		Release|Mixed Platforms = Release|Mixed Platforms
	EndGlobalSection
	GlobalSection(ProjectConfigurationPlatforms) = postSolution
		{FC770388-E58E-42EC-BD35-B93B10BB735F}.Debug|Any CPU.ActiveCfg = Debug|Any CPU
		{FC770388-E58E-42EC-BD35-B93B10BB735F}.Debug|Any CPU.Build.0 = Debug|Any CPU
		{FC770388-E58E-42EC-BD35-B93B10BB735F}.Debug|Mixed Platforms.ActiveCfg = Debug|Any CPU
		{FC770388-E58E-42EC-BD35-B93B10BB735F}.Debug|Mixed Platforms.Build.0 = Debug|Any CPU
		{FC770388-E58E-42EC-BD35-B93B10BB735F}.Release|Any CPU.ActiveCfg = Debug|Any CPU
		{FC770388-E58E-42EC-BD35-B93B10BB735F}.Release|Any CPU.Build.0 = Debug|Any CPU
		{FC770388-E58E-42EC-BD35-B93B10BB735F}.Release|Mixed Platforms.ActiveCfg = Debug|Any CPU
		{FC770388-E58E-42EC-BD35-B93B10BB735F}.Release|Mixed Platforms.Build.0 = Debug|Any CPU
		{696A41C4-4AE4-44CD-9411-D74683967083}.Debug|Any CPU.ActiveCfg = Debug|Any CPU
		{696A41C4-4AE4-44CD-9411-D74683967083}.Debug|Any CPU.Build.0 = Debug|Any CPU
		{696A41C4-4AE4-44CD-9411-D74683967083}.Debug|Mixed Platforms.ActiveCfg = Debug|Any CPU
		{696A41C4-4AE4-44CD-9411-D74683967083}.Debug|Mixed Platforms.Build.0 = Debug|Any CPU
		{696A41C4-4AE4-44CD-9411-D74683967083}.Release|Any CPU.ActiveCfg = Release|Any CPU
		{696A41C4-4AE4-44CD-9411-D74683967083}.Release|Any CPU.Build.0 = Release|Any CPU
		{696A41C4-4AE4-44CD-9411-D74683967083}.Release|Mixed Platforms.ActiveCfg = Release|Any CPU
		{696A41C4-4AE4-44CD-9411-D74683967083}.Release|Mixed Platforms.Build.0 = Release|Any CPU
	EndGlobalSection
	GlobalSection(SolutionProperties) = preSolution
		HideSolutionNode = FALSE
	EndGlobalSection
EndGlobal
